<?xml version="1.0" encoding="utf-8"?>
<Project ToolsVersion="4.0" xmlns="http://schemas.microsoft.com/developer/msbuild/2003">
  <ItemGroup>
    <Filter Include="Source Dateien">
      <UniqueIdentifier>{4FC737F1-C7A5-4376-A066-2A32D752A2FF}</UniqueIdentifier>
      <Extensions>cpp;cxx;c;def</Extensions>
    </Filter>
    <Filter Include="Header Dateien">
      <UniqueIdentifier>{93995380-89BD-4b04-88EB-625FBE52EBFB}</UniqueIdentifier>
      <Extensions>h</Extensions>
    </Filter>
    <Filter Include="Form Dateien">
      <UniqueIdentifier>{99349809-55BA-4b9d-BF79-8FDBB0286EB3}</UniqueIdentifier>
      <Extensions>ui</Extensions>
    </Filter>
    <Filter Include="Resource Dateien">
      <UniqueIdentifier>{D9D6E242-F8AF-46E4-B9FD-80ECBC20BA3E}</UniqueIdentifier>
      <Extensions>qrc;*</Extensions>
      <ParseFiles>false</ParseFiles>
    </Filter>
    <Filter Include="Generierte Dateien">
      <UniqueIdentifier>{71ED8ED8-ACB9-4CE9-BBE1-E00B30144E11}</UniqueIdentifier>
      <Extensions>moc;h;cpp</Extensions>
      <SourceControlFiles>False</SourceControlFiles>
    </Filter>
    <Filter Include="Generierte Dateien\Debug">
      <UniqueIdentifier>{95483373-a5f3-4725-8de5-29474aec5a8f}</UniqueIdentifier>
      <Extensions>cpp;moc</Extensions>
      <SourceControlFiles>False</SourceControlFiles>
    </Filter>
    <Filter Include="Generierte Dateien\Release">
      <UniqueIdentifier>{c9f7c2c1-f971-47cf-b04b-860630673057}</UniqueIdentifier>
      <Extensions>cpp;moc</Extensions>
      <SourceControlFiles>False</SourceControlFiles>
    </Filter>
  </ItemGroup>
  <ItemGroup>
    <ClCompile Include="GeneratedFiles\qrc_quimain.cpp">
      <Filter>Generierte Dateien</Filter>
    </ClCompile>
    <ClCompile Include="src\main.cpp">
      <Filter>Source Dateien</Filter>
    </ClCompile>
    <ClCompile Include="src\quimain.cpp">
      <Filter>Source Dateien</Filter>
    </ClCompile>
    <ClCompile Include="GeneratedFiles\Debug\moc_quimain.cpp">
      <Filter>Generierte Dateien\Debug</Filter>
    </ClCompile>
    <ClCompile Include="GeneratedFiles\Release\moc_quimain.cpp">
      <Filter>Generierte Dateien\Release</Filter>
    </ClCompile>
    <ClCompile Include="src\stdafx.cpp">
      <Filter>Source Dateien</Filter>
    </ClCompile>
    <ClCompile Include="GeneratedFiles\Debug\moc_quiapploader.cpp">
      <Filter>Generierte Dateien\Debug</Filter>
    </ClCompile>
    <ClCompile Include="GeneratedFiles\Release\moc_quiapploader.cpp">
      <Filter>Generierte Dateien\Release</Filter>
    </ClCompile>
    <ClCompile Include="src\quiapploader.cpp">
      <Filter>Source Dateien</Filter>
    </ClCompile>
    <ClCompile Include="src\qloggermodel.cpp">
      <Filter>Source Dateien</Filter>
    </ClCompile>
    <ClCompile Include="src\qloggerview.cpp">
      <Filter>Source Dateien</Filter>
    </ClCompile>
    <ClCompile Include="GeneratedFiles\Debug\moc_qloggerview.cpp">
      <Filter>Generierte Dateien\Debug</Filter>
    </ClCompile>
    <ClCompile Include="GeneratedFiles\Release\moc_qloggerview.cpp">
      <Filter>Generierte Dateien\Release</Filter>
    </ClCompile>
    <ClCompile Include="GeneratedFiles\Debug\moc_qloggermodel.cpp">
      <Filter>Generierte Dateien\Debug</Filter>
    </ClCompile>
    <ClCompile Include="GeneratedFiles\Release\moc_qloggermodel.cpp">
      <Filter>Generierte Dateien\Release</Filter>
    </ClCompile>
    <ClCompile Include="src\quiabout.cpp">
      <Filter>Source Dateien</Filter>
    </ClCompile>
    <ClCompile Include="GeneratedFiles\Debug\moc_quiabout.cpp">
      <Filter>Generierte Dateien\Debug</Filter>
    </ClCompile>
    <ClCompile Include="GeneratedFiles\Release\moc_quiabout.cpp">
      <Filter>Generierte Dateien\Release</Filter>
    </ClCompile>
    <ClCompile Include="src\qjsonconfig.cpp">
      <Filter>Source Dateien</Filter>
    </ClCompile>
    <ClCompile Include="src\qintsingleapplication.cpp">
      <Filter>Source Dateien</Filter>
    </ClCompile>
    <ClCompile Include="GeneratedFiles\Debug\moc_qintsingleapplication.cpp">
      <Filter>Generierte Dateien\Debug</Filter>
    </ClCompile>
    <ClCompile Include="GeneratedFiles\Release\moc_qintsingleapplication.cpp">
      <Filter>Generierte Dateien\Release</Filter>
    </ClCompile>
    <ClCompile Include="GeneratedFiles\Debug\moc_quilog.cpp">
      <Filter>Generierte Dateien\Debug</Filter>
    </ClCompile>
    <ClCompile Include="GeneratedFiles\Release\moc_quilog.cpp">
      <Filter>Generierte Dateien\Release</Filter>
    </ClCompile>
    <ClCompile Include="src\quilog.cpp">
      <Filter>Source Dateien</Filter>
    </ClCompile>
  </ItemGroup>
  <ItemGroup>
    <CustomBuild Include="quimain.qrc">
      <Filter>Resource Dateien</Filter>
    </CustomBuild>
    <CustomBuild Include="src\quimain.h">
      <Filter>Header Dateien</Filter>
    </CustomBuild>
    <CustomBuild Include="src\quimain.ui">
      <Filter>Form Dateien</Filter>
    </CustomBuild>
    <CustomBuild Include="src\quiapploader.h">
      <Filter>Header Dateien</Filter>
    </CustomBuild>
    <CustomBuild Include="src\qloggerview.h">
      <Filter>Header Dateien</Filter>
    </CustomBuild>
    <CustomBuild Include="src\qloggermodel.h">
      <Filter>Header Dateien</Filter>
    </CustomBuild>
    <CustomBuild Include="src\quiabout.h">
      <Filter>Header Dateien</Filter>
    </CustomBuild>
    <CustomBuild Include="src\qintsingleapplication.h">
      <Filter>Header Dateien</Filter>
    </CustomBuild>
    <CustomBuild Include="src\quilog.h">
      <Filter>Header Dateien</Filter>
    </CustomBuild>
    <CustomBuild Include="src\quilog.ui">
      <Filter>Form Dateien</Filter>
    </CustomBuild>
  </ItemGroup>
  <ItemGroup>
    <ClInclude Include="GeneratedFiles\ui_quimain.h">
      <Filter>Generierte Dateien</Filter>
    </ClInclude>
    <ClInclude Include="src\stdafx.h">
      <Filter>Header Dateien</Filter>
    </ClInclude>
    <ClInclude Include="resource.h">
      <Filter>Header Dateien</Filter>
    </ClInclude>
    <ClInclude Include="version.h">
      <Filter>Header Dateien</Filter>
    </ClInclude>
    <ClInclude Include="src\qjsonconfig.h">
      <Filter>Header Dateien</Filter>
    </ClInclude>
    <ClInclude Include="src\qprivateapplicationpointer.h">
      <Filter>Header Dateien</Filter>
    </ClInclude>
    <ClInclude Include="src\qmodinterfaces.h">
      <Filter>Header Dateien</Filter>
    </ClInclude>
    <ClInclude Include="GeneratedFiles\ui_quilog.h">
      <Filter>Generierte Dateien</Filter>
    </ClInclude>
  </ItemGroup>
  <ItemGroup>
    <ResourceCompile Include="PartzDB.rc" />
  </ItemGroup>
</Project>